
Microsoft Visual Studio Solution File, Format Version 12.00
# Visual Studio 15
VisualStudioVersion = 15.0.27703.2042
MinimumVisualStudioVersion = 10.0.40219.1
Project("{FAE04EC0-301F-11D3-BF4B-00C04F79EFBC}") = "RobotManager.Android", "RobotManager\RobotManager.Android\RobotManager.Android.csproj", "{30F09ADD-31EA-4432-BE20-EC9F27F0978E}"
EndProject
Project("{FAE04EC0-301F-11D3-BF4B-00C04F79EFBC}") = "RobotManager.iOS", "RobotManager\RobotManager.iOS\RobotManager.iOS.csproj", "{E3B26A38-7DEA-4C65-9B6B-6683CBC5CD0E}"
EndProject
Project("{FAE04EC0-301F-11D3-BF4B-00C04F79EFBC}") = "RobotManager", "RobotManager\RobotManager\RobotManager.csproj", "{01A67F5F-A756-42AF-8128-6307DCBCCAAD}"
EndProject
Global
	GlobalSection(SolutionConfigurationPlatforms) = preSolution
		Ad-Hoc|Any CPU = Ad-Hoc|Any CPU
		Ad-Hoc|iPhone = Ad-Hoc|iPhone
		Ad-Hoc|iPhoneSimulator = Ad-Hoc|iPhoneSimulator
		AppStore|Any CPU = AppStore|Any CPU
		AppStore|iPhone = AppStore|iPhone
		AppStore|iPhoneSimulator = AppStore|iPhoneSimulator
		Debug|Any CPU = Debug|Any CPU
		Debug|iPhone = Debug|iPhone
		Debug|iPhoneSimulator = Debug|iPhoneSimulator
		Release|Any CPU = Release|Any CPU
		Release|iPhone = Release|iPhone
		Release|iPhoneSimulator = Release|iPhoneSimulator
	EndGlobalSection
	GlobalSection(ProjectConfigurationPlatforms) = postSolution
		{30F09ADD-31EA-4432-BE20-EC9F27F0978E}.Ad-Hoc|Any CPU.ActiveCfg = Release|Any CPU
		{30F09ADD-31EA-4432-BE20-EC9F27F0978E}.Ad-Hoc|Any CPU.Build.0 = Release|Any CPU
		{30F09ADD-31EA-4432-BE20-EC9F27F0978E}.Ad-Hoc|Any CPU.Deploy.0 = Release|Any CPU
		{30F09ADD-31EA-4432-BE20-EC9F27F0978E}.Ad-Hoc|iPhone.ActiveCfg = Release|Any CPU
		{30F09ADD-31EA-4432-BE20-EC9F27F0978E}.Ad-Hoc|iPhone.Build.0 = Release|Any CPU
		{30F09ADD-31EA-4432-BE20-EC9F27F0978E}.Ad-Hoc|iPhone.Deploy.0 = Release|Any CPU
		{30F09ADD-31EA-4432-BE20-EC9F27F0978E}.Ad-Hoc|iPhoneSimulator.ActiveCfg = Release|Any CPU
		{30F09ADD-31EA-4432-BE20-EC9F27F0978E}.Ad-Hoc|iPhoneSimulator.Build.0 = Release|Any CPU
		{30F09ADD-31EA-4432-BE20-EC9F27F0978E}.Ad-Hoc|iPhoneSimulator.Deploy.0 = Release|Any CPU
		{30F09ADD-31EA-4432-BE20-EC9F27F0978E}.AppStore|Any CPU.ActiveCfg = Release|Any CPU
		{30F09ADD-31EA-4432-BE20-EC9F27F0978E}.AppStore|Any CPU.Build.0 = Release|Any CPU
		{30F09ADD-31EA-4432-BE20-EC9F27F0978E}.AppStore|Any CPU.Deploy.0 = Release|Any CPU
		{30F09ADD-31EA-4432-BE20-EC9F27F0978E}.AppStore|iPhone.ActiveCfg = Release|Any CPU
		{30F09ADD-31EA-4432-BE20-EC9F27F0978E}.AppStore|iPhone.Build.0 = Release|Any CPU
		{30F09ADD-31EA-4432-BE20-EC9F27F0978E}.AppStore|iPhone.Deploy.0 = Release|Any CPU
		{30F09ADD-31EA-4432-BE20-EC9F27F0978E}.AppStore|iPhoneSimulator.ActiveCfg = Release|Any CPU
		{30F09ADD-31EA-4432-BE20-EC9F27F0978E}.AppStore|iPhoneSimulator.Build.0 = Release|Any CPU
		{30F09ADD-31EA-4432-BE20-EC9F27F0978E}.AppStore|iPhoneSimulator.Deploy.0 = Release|Any CPU
		{30F09ADD-31EA-4432-BE20-EC9F27F0978E}.Debug|Any CPU.ActiveCfg = Debug|Any CPU
		{30F09ADD-31EA-4432-BE20-EC9F27F0978E}.Debug|Any CPU.Build.0 = Debug|Any CPU
		{30F09ADD-31EA-4432-BE20-EC9F27F0978E}.Debug|Any CPU.Deploy.0 = Debug|Any CPU
		{30F09ADD-31EA-4432-BE20-EC9F27F0978E}.Debug|iPhone.ActiveCfg = Debug|Any CPU
		{30F09ADD-31EA-4432-BE20-EC9F27F0978E}.Debug|iPhone.Build.0 = Debug|Any CPU
		{30F09ADD-31EA-4432-BE20-EC9F27F0978E}.Debug|iPhone.Deploy.0 = Debug|Any CPU
		{30F09ADD-31EA-4432-BE20-EC9F27F0978E}.Debug|iPhoneSimulator.ActiveCfg = Debug|Any CPU
		{30F09ADD-31EA-4432-BE20-EC9F27F0978E}.Debug|iPhoneSimulator.Build.0 = Debug|Any CPU
		{30F09ADD-31EA-4432-BE20-EC9F27F0978E}.Debug|iPhoneSimulator.Deploy.0 = Debug|Any CPU
		{30F09ADD-31EA-4432-BE20-EC9F27F0978E}.Release|Any CPU.ActiveCfg = Release|Any CPU
		{30F09ADD-31EA-4432-BE20-EC9F27F0978E}.Release|Any CPU.Build.0 = Release|Any CPU
		{30F09ADD-31EA-4432-BE20-EC9F27F0978E}.Release|Any CPU.Deploy.0 = Release|Any CPU
		{30F09ADD-31EA-4432-BE20-EC9F27F0978E}.Release|iPhone.ActiveCfg = Release|Any CPU
		{30F09ADD-31EA-4432-BE20-EC9F27F0978E}.Release|iPhone.Build.0 = Release|Any CPU
		{30F09ADD-31EA-4432-BE20-EC9F27F0978E}.Release|iPhone.Deploy.0 = Release|Any CPU
		{30F09ADD-31EA-4432-BE20-EC9F27F0978E}.Release|iPhoneSimulator.ActiveCfg = Release|Any CPU
		{30F09ADD-31EA-4432-BE20-EC9F27F0978E}.Release|iPhoneSimulator.Build.0 = Release|Any CPU
		{30F09ADD-31EA-4432-BE20-EC9F27F0978E}.Release|iPhoneSimulator.Deploy.0 = Release|Any CPU
		{E3B26A38-7DEA-4C65-9B6B-6683CBC5CD0E}.Ad-Hoc|Any CPU.ActiveCfg = Ad-Hoc|iPhone
		{E3B26A38-7DEA-4C65-9B6B-6683CBC5CD0E}.Ad-Hoc|Any CPU.Build.0 = Ad-Hoc|iPhone
		{E3B26A38-7DEA-4C65-9B6B-6683CBC5CD0E}.Ad-Hoc|Any CPU.Deploy.0 = Ad-Hoc|iPhone
		{E3B26A38-7DEA-4C65-9B6B-6683CBC5CD0E}.Ad-Hoc|iPhone.ActiveCfg = Ad-Hoc|iPhone
		{E3B26A38-7DEA-4C65-9B6B-6683CBC5CD0E}.Ad-Hoc|iPhone.Build.0 = Ad-Hoc|iPhone
		{E3B26A38-7DEA-4C65-9B6B-6683CBC5CD0E}.Ad-Hoc|iPhone.Deploy.0 = Ad-Hoc|iPhone
		{E3B26A38-7DEA-4C65-9B6B-6683CBC5CD0E}.Ad-Hoc|iPhoneSimulator.ActiveCfg = Ad-Hoc|iPhoneSimulator
		{E3B26A38-7DEA-4C65-9B6B-6683CBC5CD0E}.Ad-Hoc|iPhoneSimulator.Build.0 = Ad-Hoc|iPhoneSimulator
		{E3B26A38-7DEA-4C65-9B6B-6683CBC5CD0E}.Ad-Hoc|iPhoneSimulator.Deploy.0 = Ad-Hoc|iPhoneSimulator
		{E3B26A38-7DEA-4C65-9B6B-6683CBC5CD0E}.AppStore|Any CPU.ActiveCfg = AppStore|iPhone
		{E3B26A38-7DEA-4C65-9B6B-6683CBC5CD0E}.AppStore|Any CPU.Build.0 = AppStore|iPhone
		{E3B26A38-7DEA-4C65-9B6B-6683CBC5CD0E}.AppStore|Any CPU.Deploy.0 = AppStore|iPhone
		{E3B26A38-7DEA-4C65-9B6B-6683CBC5CD0E}.AppStore|iPhone.ActiveCfg = AppStore|iPhone
		{E3B26A38-7DEA-4C65-9B6B-6683CBC5CD0E}.AppStore|iPhone.Build.0 = AppStore|iPhone
		{E3B26A38-7DEA-4C65-9B6B-6683CBC5CD0E}.AppStore|iPhone.Deploy.0 = AppStore|iPhone
		{E3B26A38-7DEA-4C65-9B6B-6683CBC5CD0E}.AppStore|iPhoneSimulator.ActiveCfg = AppStore|iPhoneSimulator
		{E3B26A38-7DEA-4C65-9B6B-6683CBC5CD0E}.AppStore|iPhoneSimulator.Build.0 = AppStore|iPhoneSimulator
		{E3B26A38-7DEA-4C65-9B6B-6683CBC5CD0E}.AppStore|iPhoneSimulator.Deploy.0 = AppStore|iPhoneSimulator
		{E3B26A38-7DEA-4C65-9B6B-6683CBC5CD0E}.Debug|Any CPU.ActiveCfg = Debug|iPhoneSimulator
		{E3B26A38-7DEA-4C65-9B6B-6683CBC5CD0E}.Debug|Any CPU.Build.0 = Debug|iPhoneSimulator
		{E3B26A38-7DEA-4C65-9B6B-6683CBC5CD0E}.Debug|Any CPU.Deploy.0 = Debug|iPhoneSimulator
		{E3B26A38-7DEA-4C65-9B6B-6683CBC5CD0E}.Debug|iPhone.ActiveCfg = Debug|iPhone
		{E3B26A38-7DEA-4C65-9B6B-6683CBC5CD0E}.Debug|iPhone.Build.0 = Debug|iPhone
		{E3B26A38-7DEA-4C65-9B6B-6683CBC5CD0E}.Debug|iPhone.Deploy.0 = Debug|iPhone
		{E3B26A38-7DEA-4C65-9B6B-6683CBC5CD0E}.Debug|iPhoneSimulator.ActiveCfg = Debug|iPhoneSimulator
		{E3B26A38-7DEA-4C65-9B6B-6683CBC5CD0E}.Debug|iPhoneSimulator.Build.0 = Debug|iPhoneSimulator
		{E3B26A38-7DEA-4C65-9B6B-6683CBC5CD0E}.Debug|iPhoneSimulator.Deploy.0 = Debug|iPhoneSimulator
		{E3B26A38-7DEA-4C65-9B6B-6683CBC5CD0E}.Release|Any CPU.ActiveCfg = Release|iPhone
		{E3B26A38-7DEA-4C65-9B6B-6683CBC5CD0E}.Release|Any CPU.Build.0 = Release|iPhone
		{E3B26A38-7DEA-4C65-9B6B-6683CBC5CD0E}.Release|Any CPU.Deploy.0 = Release|iPhone
		{E3B26A38-7DEA-4C65-9B6B-6683CBC5CD0E}.Release|iPhone.ActiveCfg = Release|iPhone
		{E3B26A38-7DEA-4C65-9B6B-6683CBC5CD0E}.Release|iPhone.Build.0 = Release|iPhone
		{E3B26A38-7DEA-4C65-9B6B-6683CBC5CD0E}.Release|iPhone.Deploy.0 = Release|iPhone
		{E3B26A38-7DEA-4C65-9B6B-6683CBC5CD0E}.Release|iPhoneSimulator.ActiveCfg = Release|iPhoneSimulator
		{E3B26A38-7DEA-4C65-9B6B-6683CBC5CD0E}.Release|iPhoneSimulator.Build.0 = Release|iPhoneSimulator
		{E3B26A38-7DEA-4C65-9B6B-6683CBC5CD0E}.Release|iPhoneSimulator.Deploy.0 = Release|iPhoneSimulator
		{01A67F5F-A756-42AF-8128-6307DCBCCAAD}.Ad-Hoc|Any CPU.ActiveCfg = Debug|Any CPU
		{01A67F5F-A756-42AF-8128-6307DCBCCAAD}.Ad-Hoc|Any CPU.Build.0 = Debug|Any CPU
		{01A67F5F-A756-42AF-8128-6307DCBCCAAD}.Ad-Hoc|Any CPU.Deploy.0 = Debug|Any CPU
		{01A67F5F-A756-42AF-8128-6307DCBCCAAD}.Ad-Hoc|iPhone.ActiveCfg = Debug|Any CPU
		{01A67F5F-A756-42AF-8128-6307DCBCCAAD}.Ad-Hoc|iPhone.Build.0 = Debug|Any CPU
		{01A67F5F-A756-42AF-8128-6307DCBCCAAD}.Ad-Hoc|iPhone.Deploy.0 = Debug|Any CPU
		{01A67F5F-A756-42AF-8128-6307DCBCCAAD}.Ad-Hoc|iPhoneSimulator.ActiveCfg = Debug|Any CPU
		{01A67F5F-A756-42AF-8128-6307DCBCCAAD}.Ad-Hoc|iPhoneSimulator.Build.0 = Debug|Any CPU
		{01A67F5F-A756-42AF-8128-6307DCBCCAAD}.Ad-Hoc|iPhoneSimulator.Deploy.0 = Debug|Any CPU
		{01A67F5F-A756-42AF-8128-6307DCBCCAAD}.AppStore|Any CPU.ActiveCfg = Debug|Any CPU
		{01A67F5F-A756-42AF-8128-6307DCBCCAAD}.AppStore|Any CPU.Build.0 = Debug|Any CPU
		{01A67F5F-A756-42AF-8128-6307DCBCCAAD}.AppStore|Any CPU.Deploy.0 = Debug|Any CPU
		{01A67F5F-A756-42AF-8128-6307DCBCCAAD}.AppStore|iPhone.ActiveCfg = Debug|Any CPU
		{01A67F5F-A756-42AF-8128-6307DCBCCAAD}.AppStore|iPhone.Build.0 = Debug|Any CPU
		{01A67F5F-A756-42AF-8128-6307DCBCCAAD}.AppStore|iPhone.Deploy.0 = Debug|Any CPU
		{01A67F5F-A756-42AF-8128-6307DCBCCAAD}.AppStore|iPhoneSimulator.ActiveCfg = Debug|Any CPU
		{01A67F5F-A756-42AF-8128-6307DCBCCAAD}.AppStore|iPhoneSimulator.Build.0 = Debug|Any CPU
		{01A67F5F-A756-42AF-8128-6307DCBCCAAD}.AppStore|iPhoneSimulator.Deploy.0 = Debug|Any CPU
		{01A67F5F-A756-42AF-8128-6307DCBCCAAD}.Debug|Any CPU.ActiveCfg = Debug|Any CPU
		{01A67F5F-A756-42AF-8128-6307DCBCCAAD}.Debug|Any CPU.Build.0 = Debug|Any CPU
		{01A67F5F-A756-42AF-8128-6307DCBCCAAD}.Debug|Any CPU.Deploy.0 = Debug|Any CPU
		{01A67F5F-A756-42AF-8128-6307DCBCCAAD}.Debug|iPhone.ActiveCfg = Debug|Any CPU
		{01A67F5F-A756-42AF-8128-6307DCBCCAAD}.Debug|iPhone.Build.0 = Debug|Any CPU
		{01A67F5F-A756-42AF-8128-6307DCBCCAAD}.Debug|iPhone.Deploy.0 = Debug|Any CPU
		{01A67F5F-A756-42AF-8128-6307DCBCCAAD}.Debug|iPhoneSimulator.ActiveCfg = Debug|Any CPU
		{01A67F5F-A756-42AF-8128-6307DCBCCAAD}.Debug|iPhoneSimulator.Build.0 = Debug|Any CPU
		{01A67F5F-A756-42AF-8128-6307DCBCCAAD}.Debug|iPhoneSimulator.Deploy.0 = Debug|Any CPU
		{01A67F5F-A756-42AF-8128-6307DCBCCAAD}.Release|Any CPU.ActiveCfg = Release|Any CPU
		{01A67F5F-A756-42AF-8128-6307DCBCCAAD}.Release|Any CPU.Build.0 = Release|Any CPU
		{01A67F5F-A756-42AF-8128-6307DCBCCAAD}.Release|Any CPU.Deploy.0 = Release|Any CPU
		{01A67F5F-A756-42AF-8128-6307DCBCCAAD}.Release|iPhone.ActiveCfg = Release|Any CPU
		{01A67F5F-A756-42AF-8128-6307DCBCCAAD}.Release|iPhone.Build.0 = Release|Any CPU
		{01A67F5F-A756-42AF-8128-6307DCBCCAAD}.Release|iPhone.Deploy.0 = Release|Any CPU
		{01A67F5F-A756-42AF-8128-6307DCBCCAAD}.Release|iPhoneSimulator.ActiveCfg = Release|Any CPU
		{01A67F5F-A756-42AF-8128-6307DCBCCAAD}.Release|iPhoneSimulator.Build.0 = Release|Any CPU
		{01A67F5F-A756-42AF-8128-6307DCBCCAAD}.Release|iPhoneSimulator.Deploy.0 = Release|Any CPU
	EndGlobalSection
	GlobalSection(SolutionProperties) = preSolution
		HideSolutionNode = FALSE
	EndGlobalSection
	GlobalSection(ExtensibilityGlobals) = postSolution
		SolutionGuid = {399B1B2D-F952-448D-B292-88184337E452}
	EndGlobalSection
EndGlobal
